
Microsoft Visual Studio Solution File, Format Version 12.00
# Visual Studio Version 17
VisualStudioVersion = 17.2.32505.173
MinimumVisualStudioVersion = 10.0.40219.1
Project("{FAE04EC0-301F-11D3-BF4B-00C04F79EFBC}") = "EntityFramworkProject", "EntityFramworkProject.csproj", "{36E2D3CE-5C08-45BB-86EA-2F3EA6B15306}"
EndProject
Global
	GlobalSection(SolutionConfigurationPlatforms) = preSolution
		Debug|Any CPU = Debug|Any CPU
		Release|Any CPU = Release|Any CPU
	EndGlobalSection
	GlobalSection(ProjectConfigurationPlatforms) = postSolution
		{36E2D3CE-5C08-45BB-86EA-2F3EA6B15306}.Debug|Any CPU.ActiveCfg = Debug|Any CPU
		{36E2D3CE-5C08-45BB-86EA-2F3EA6B15306}.Debug|Any CPU.Build.0 = Debug|Any CPU
		{36E2D3CE-5C08-45BB-86EA-2F3EA6B15306}.Release|Any CPU.ActiveCfg = Release|Any CPU
		{36E2D3CE-5C08-45BB-86EA-2F3EA6B15306}.Release|Any CPU.Build.0 = Release|Any CPU
	EndGlobalSection
	GlobalSection(SolutionProperties) = preSolution
		HideSolutionNode = FALSE
	EndGlobalSection
	GlobalSection(ExtensibilityGlobals) = postSolution
		SolutionGuid = {5A70CC2C-5031-44B3-98DA-75E72B19D86C}
	EndGlobalSection
EndGlobal
