
Microsoft Visual Studio Solution File, Format Version 12.00
# Visual Studio Version 17
VisualStudioVersion = 17.2.32505.173
MinimumVisualStudioVersion = 10.0.40219.1
Project("{FAE04EC0-301F-11D3-BF4B-00C04F79EFBC}") = "CalculatorLib", "CalculatorLib.csproj", "{AE8B137B-C7BC-4C86-AE7E-E48BDFDED64A}"
EndProject
Project("{FAE04EC0-301F-11D3-BF4B-00C04F79EFBC}") = "UnitTestingForFunctionsNInterface", "..\UnitTestingForInterface\UnitTestingForFunctionsNInterface.csproj", "{A388D86D-B18E-406D-85C2-43C30E9EEC2B}"
EndProject
Global
	GlobalSection(SolutionConfigurationPlatforms) = preSolution
		Debug|Any CPU = Debug|Any CPU
		Release|Any CPU = Release|Any CPU
	EndGlobalSection
	GlobalSection(ProjectConfigurationPlatforms) = postSolution
		{AE8B137B-C7BC-4C86-AE7E-E48BDFDED64A}.Debug|Any CPU.ActiveCfg = Debug|Any CPU
		{AE8B137B-C7BC-4C86-AE7E-E48BDFDED64A}.Debug|Any CPU.Build.0 = Debug|Any CPU
		{AE8B137B-C7BC-4C86-AE7E-E48BDFDED64A}.Release|Any CPU.ActiveCfg = Release|Any CPU
		{AE8B137B-C7BC-4C86-AE7E-E48BDFDED64A}.Release|Any CPU.Build.0 = Release|Any CPU
		{A388D86D-B18E-406D-85C2-43C30E9EEC2B}.Debug|Any CPU.ActiveCfg = Debug|Any CPU
		{A388D86D-B18E-406D-85C2-43C30E9EEC2B}.Debug|Any CPU.Build.0 = Debug|Any CPU
		{A388D86D-B18E-406D-85C2-43C30E9EEC2B}.Release|Any CPU.ActiveCfg = Release|Any CPU
		{A388D86D-B18E-406D-85C2-43C30E9EEC2B}.Release|Any CPU.Build.0 = Release|Any CPU
	EndGlobalSection
	GlobalSection(SolutionProperties) = preSolution
		HideSolutionNode = FALSE
	EndGlobalSection
	GlobalSection(ExtensibilityGlobals) = postSolution
		SolutionGuid = {BBA3D860-20E2-40A0-B920-36FCEF8C644B}
	EndGlobalSection
EndGlobal
